
Microsoft Visual Studio Solution File, Format Version 12.00
# Visual Studio Version 17
VisualStudioVersion = 17.3.32825.248
MinimumVisualStudioVersion = 10.0.40219.1
Project("{FAE04EC0-301F-11D3-BF4B-00C04F79EFBC}") = "API-דוטנט", "API-דוטנט\API-דוטנט.csproj", "{64B1B550-8F6D-4195-AC7A-29422197C89B}"
EndProject
Global
	GlobalSection(SolutionConfigurationPlatforms) = preSolution
		Debug|Any CPU = Debug|Any CPU
		Release|Any CPU = Release|Any CPU
	EndGlobalSection
	GlobalSection(ProjectConfigurationPlatforms) = postSolution
		{64B1B550-8F6D-4195-AC7A-29422197C89B}.Debug|Any CPU.ActiveCfg = Debug|Any CPU
		{64B1B550-8F6D-4195-AC7A-29422197C89B}.Debug|Any CPU.Build.0 = Debug|Any CPU
		{64B1B550-8F6D-4195-AC7A-29422197C89B}.Release|Any CPU.ActiveCfg = Release|Any CPU
		{64B1B550-8F6D-4195-AC7A-29422197C89B}.Release|Any CPU.Build.0 = Release|Any CPU
	EndGlobalSection
	GlobalSection(SolutionProperties) = preSolution
		HideSolutionNode = FALSE
	EndGlobalSection
	GlobalSection(ExtensibilityGlobals) = postSolution
		SolutionGuid = {FD6892B3-CBA0-440D-80BF-73E3AB44E442}
	EndGlobalSection
EndGlobal
